
Microsoft Visual Studio Solution File, Format Version 12.00
# Visual Studio Version 17
VisualStudioVersion = 17.0.31903.59
MinimumVisualStudioVersion = 10.0.40219.1
Project("{FAE04EC0-301F-11D3-BF4B-00C04F79EFBC}") = "TcScTextConverterLib", "TcScTextConverterLib\TcScTextConverterLib.csproj", "{A37B3CA2-0A39-4081-9A9C-1C6579FA29F7}"
EndProject
Project("{FAE04EC0-301F-11D3-BF4B-00C04F79EFBC}") = "TcToScCoverter", "TcToScCoverter\TcToScCoverter.csproj", "{A90D4996-B668-40E8-BE23-8F9B50AB73B6}"
EndProject
Global
	GlobalSection(SolutionConfigurationPlatforms) = preSolution
		Debug|Any CPU = Debug|Any CPU
		Debug|x64 = Debug|x64
		Debug|x86 = Debug|x86
		Release|Any CPU = Release|Any CPU
		Release|x64 = Release|x64
		Release|x86 = Release|x86
	EndGlobalSection
	GlobalSection(ProjectConfigurationPlatforms) = postSolution
		{A37B3CA2-0A39-4081-9A9C-1C6579FA29F7}.Debug|Any CPU.ActiveCfg = Debug|Any CPU
		{A37B3CA2-0A39-4081-9A9C-1C6579FA29F7}.Debug|Any CPU.Build.0 = Debug|Any CPU
		{A37B3CA2-0A39-4081-9A9C-1C6579FA29F7}.Debug|x64.ActiveCfg = Debug|Any CPU
		{A37B3CA2-0A39-4081-9A9C-1C6579FA29F7}.Debug|x64.Build.0 = Debug|Any CPU
		{A37B3CA2-0A39-4081-9A9C-1C6579FA29F7}.Debug|x86.ActiveCfg = Debug|Any CPU
		{A37B3CA2-0A39-4081-9A9C-1C6579FA29F7}.Debug|x86.Build.0 = Debug|Any CPU
		{A37B3CA2-0A39-4081-9A9C-1C6579FA29F7}.Release|Any CPU.ActiveCfg = Release|Any CPU
		{A37B3CA2-0A39-4081-9A9C-1C6579FA29F7}.Release|Any CPU.Build.0 = Release|Any CPU
		{A37B3CA2-0A39-4081-9A9C-1C6579FA29F7}.Release|x64.ActiveCfg = Release|Any CPU
		{A37B3CA2-0A39-4081-9A9C-1C6579FA29F7}.Release|x64.Build.0 = Release|Any CPU
		{A37B3CA2-0A39-4081-9A9C-1C6579FA29F7}.Release|x86.ActiveCfg = Release|Any CPU
		{A37B3CA2-0A39-4081-9A9C-1C6579FA29F7}.Release|x86.Build.0 = Release|Any CPU
		{A90D4996-B668-40E8-BE23-8F9B50AB73B6}.Debug|Any CPU.ActiveCfg = Debug|Any CPU
		{A90D4996-B668-40E8-BE23-8F9B50AB73B6}.Debug|Any CPU.Build.0 = Debug|Any CPU
		{A90D4996-B668-40E8-BE23-8F9B50AB73B6}.Debug|x64.ActiveCfg = Debug|Any CPU
		{A90D4996-B668-40E8-BE23-8F9B50AB73B6}.Debug|x64.Build.0 = Debug|Any CPU
		{A90D4996-B668-40E8-BE23-8F9B50AB73B6}.Debug|x86.ActiveCfg = Debug|Any CPU
		{A90D4996-B668-40E8-BE23-8F9B50AB73B6}.Debug|x86.Build.0 = Debug|Any CPU
		{A90D4996-B668-40E8-BE23-8F9B50AB73B6}.Release|Any CPU.ActiveCfg = Release|Any CPU
		{A90D4996-B668-40E8-BE23-8F9B50AB73B6}.Release|Any CPU.Build.0 = Release|Any CPU
		{A90D4996-B668-40E8-BE23-8F9B50AB73B6}.Release|x64.ActiveCfg = Release|Any CPU
		{A90D4996-B668-40E8-BE23-8F9B50AB73B6}.Release|x64.Build.0 = Release|Any CPU
		{A90D4996-B668-40E8-BE23-8F9B50AB73B6}.Release|x86.ActiveCfg = Release|Any CPU
		{A90D4996-B668-40E8-BE23-8F9B50AB73B6}.Release|x86.Build.0 = Release|Any CPU
	EndGlobalSection
	GlobalSection(SolutionProperties) = preSolution
		HideSolutionNode = FALSE
	EndGlobalSection
EndGlobal
